{
  "name": "piwik-checker",
  "version": "1.0.0",
  "lockfileVersion": 1,
  "requires": true,
  "dependencies": {
    "ace-builds": {
      "version": "1.2.8",
      "resolved": "https://registry.npmjs.org/ace-builds/-/ace-builds-1.2.8.tgz",
      "integrity": "sha1-Bi3EV3KwDs5qVHomajCB/ldZEQM="
    },
    "purecss": {
      "version": "1.0.0",
      "resolved": "https://registry.npmjs.org/purecss/-/purecss-1.0.0.tgz",
      "integrity": "sha512-gfC78WCOWNnfkzulx9aoWwcl+0JflhwKeJ+k9s/ZyIawfYNA4bqBmt0DtfgtQK9iuYMtGfbdE8R2AQMjSWR2VQ=="
    }
  }
}
